{
  "nodes": {
    "nixpkgs": {
      "locked": {
        "lastModified": 1704192918,
        "narHash": "sha256-XTv2dRdK7fqv8o6Kn9T7k9kISNP04/z+gmAH2nKJtqU=",
        "owner": "nevivurn",
        "repo": "nixpkgs",
        "rev": "8e5b9d1f8b18e9d54d814c5b1bbcebf3ebbd3a87",
        "type": "github"
      },
      "original": {
        "owner": "nevivurn",
        "ref": "fix/sage-ecl",
        "repo": "nixpkgs",
        "type": "github"
      }
    },
    "root": {
      "inputs": {
        "nixpkgs": "nixpkgs"
      }
    }
  },
  "root": "root",
  "version": 7
}
